
Microsoft Visual Studio Solution File, Format Version 12.00
# Visual Studio 14
VisualStudioVersion = 14.0.23107.0
MinimumVisualStudioVersion = 10.0.40219.1
Project("{8BC9CEB8-8B4A-11D0-8D11-00A0C91BC942}") = "Project1", "Project1\Project1.vcxproj", "{510E0088-2DC6-4275-92FE-6ABB5CC3BDE2}"
EndProject
Project("{8BC9CEB8-8B4A-11D0-8D11-00A0C91BC942}") = "AergiaX", "AergiaX\AergiaX.vcxproj", "{DD0A94C7-294C-41B4-8164-A1F1A03B8EC7}"
EndProject
Global
	GlobalSection(SolutionConfigurationPlatforms) = preSolution
		Debug|x64 = Debug|x64
		Debug|x86 = Debug|x86
		Release|x64 = Release|x64
		Release|x86 = Release|x86
	EndGlobalSection
	GlobalSection(ProjectConfigurationPlatforms) = postSolution
		{510E0088-2DC6-4275-92FE-6ABB5CC3BDE2}.Debug|x64.ActiveCfg = Debug|x64
		{510E0088-2DC6-4275-92FE-6ABB5CC3BDE2}.Debug|x64.Build.0 = Debug|x64
		{510E0088-2DC6-4275-92FE-6ABB5CC3BDE2}.Debug|x86.ActiveCfg = Debug|Win32
		{510E0088-2DC6-4275-92FE-6ABB5CC3BDE2}.Debug|x86.Build.0 = Debug|Win32
		{510E0088-2DC6-4275-92FE-6ABB5CC3BDE2}.Release|x64.ActiveCfg = Release|x64
		{510E0088-2DC6-4275-92FE-6ABB5CC3BDE2}.Release|x64.Build.0 = Release|x64
		{510E0088-2DC6-4275-92FE-6ABB5CC3BDE2}.Release|x86.ActiveCfg = Release|Win32
		{510E0088-2DC6-4275-92FE-6ABB5CC3BDE2}.Release|x86.Build.0 = Release|Win32
		{DD0A94C7-294C-41B4-8164-A1F1A03B8EC7}.Debug|x64.ActiveCfg = Debug|x64
		{DD0A94C7-294C-41B4-8164-A1F1A03B8EC7}.Debug|x64.Build.0 = Debug|x64
		{DD0A94C7-294C-41B4-8164-A1F1A03B8EC7}.Debug|x86.ActiveCfg = Debug|Win32
		{DD0A94C7-294C-41B4-8164-A1F1A03B8EC7}.Debug|x86.Build.0 = Debug|Win32
		{DD0A94C7-294C-41B4-8164-A1F1A03B8EC7}.Release|x64.ActiveCfg = Release|x64
		{DD0A94C7-294C-41B4-8164-A1F1A03B8EC7}.Release|x64.Build.0 = Release|x64
		{DD0A94C7-294C-41B4-8164-A1F1A03B8EC7}.Release|x86.ActiveCfg = Release|Win32
		{DD0A94C7-294C-41B4-8164-A1F1A03B8EC7}.Release|x86.Build.0 = Release|Win32
	EndGlobalSection
	GlobalSection(SolutionProperties) = preSolution
		HideSolutionNode = FALSE
	EndGlobalSection
EndGlobal
