<?xml version="1.0" encoding="utf-8"?>
<Project ToolsVersion="4.0" xmlns="http://schemas.microsoft.com/developer/msbuild/2003">
  <ItemGroup>
    <Filter Include="Source Files">
      <UniqueIdentifier>{4FC737F1-C7A5-4376-A066-2A32D752A2FF}</UniqueIdentifier>
      <Extensions>cpp;c;cc;cxx;def;odl;idl;hpj;bat;asm;asmx</Extensions>
    </Filter>
    <Filter Include="Header Files">
      <UniqueIdentifier>{93995380-89BD-4b04-88EB-625FBE52EBFB}</UniqueIdentifier>
      <Extensions>h;hh;hpp;hxx;hm;inl;inc;xsd</Extensions>
    </Filter>
    <Filter Include="Resource Files">
      <UniqueIdentifier>{67DA6AB6-F800-4c08-8B7A-83BB121AAD01}</UniqueIdentifier>
      <Extensions>rc;ico;cur;bmp;dlg;rc2;rct;bin;rgs;gif;jpg;jpeg;jpe;resx;tiff;tif;png;wav;mfcribbon-ms</Extensions>
    </Filter>
    <Filter Include="Header Files\Debug">
      <UniqueIdentifier>{615a3a53-4bd7-4146-a52a-ab7410cd3d70}</UniqueIdentifier>
    </Filter>
    <Filter Include="Source Files\Debug">
      <UniqueIdentifier>{a375ad26-39f1-4103-8dab-01be6987d90a}</UniqueIdentifier>
    </Filter>
    <Filter Include="Header Files\IO">
      <UniqueIdentifier>{ed89f5ac-ac29-42c1-b4af-be300665269b}</UniqueIdentifier>
    </Filter>
    <Filter Include="Source Files\IO">
      <UniqueIdentifier>{fd1c4d15-88c0-447a-a357-a4810d4c0312}</UniqueIdentifier>
    </Filter>
    <Filter Include="Header Files\Common">
      <UniqueIdentifier>{48c7960e-e3ec-4596-933d-a585d320c17a}</UniqueIdentifier>
    </Filter>
    <Filter Include="Header Files\External">
      <UniqueIdentifier>{1c443c65-ecb2-4328-bcec-3e61ff861db3}</UniqueIdentifier>
    </Filter>
    <Filter Include="Source Files\External">
      <UniqueIdentifier>{dabf84ed-26b6-4d9a-b113-a906cf728677}</UniqueIdentifier>
    </Filter>
  </ItemGroup>
  <ItemGroup>
    <Text Include="ReadMe.txt" />
  </ItemGroup>
  <ItemGroup>
    <ClInclude Include="MathFuncsLib.h">
      <Filter>Header Files</Filter>
    </ClInclude>
    <ClInclude Include="utils\DebugMessage.hpp">
      <Filter>Header Files\Debug</Filter>
    </ClInclude>
    <ClInclude Include="utils\debug\Console.h">
      <Filter>Header Files\Debug</Filter>
    </ClInclude>
    <ClInclude Include="io\GraphicsDisplay.h">
      <Filter>Header Files\IO</Filter>
    </ClInclude>
    <ClInclude Include="common\NumericalTypes.hpp">
      <Filter>Header Files\Common</Filter>
    </ClInclude>
    <ClInclude Include="utils\CheckDxError.hpp">
      <Filter>Header Files\Debug</Filter>
    </ClInclude>
    <ClInclude Include="external\dxerr.h">
      <Filter>Header Files\External</Filter>
    </ClInclude>
  </ItemGroup>
  <ItemGroup>
    <ClCompile Include="MathFuncsLib.cpp">
      <Filter>Source Files</Filter>
    </ClCompile>
    <ClCompile Include="utils\debug\Console.cpp">
      <Filter>Source Files\Debug</Filter>
    </ClCompile>
    <ClCompile Include="utils\DebugMessage.cpp">
      <Filter>Source Files\Debug</Filter>
    </ClCompile>
    <ClCompile Include="io\GraphicsDisplay.cpp">
      <Filter>Source Files\IO</Filter>
    </ClCompile>
    <ClCompile Include="external\dxerr.cpp">
      <Filter>Source Files\External</Filter>
    </ClCompile>
  </ItemGroup>
</Project>