<?xml version="1.0" encoding="utf-8"?>
<Project ToolsVersion="4.0" xmlns="http://schemas.microsoft.com/developer/msbuild/2003">
  <ItemGroup>
    <Filter Include="Source Files">
      <UniqueIdentifier>{4FC737F1-C7A5-4376-A066-2A32D752A2FF}</UniqueIdentifier>
      <Extensions>cpp;c;cc;cxx;def;odl;idl;hpj;bat;asm;asmx</Extensions>
    </Filter>
    <Filter Include="Header Files">
      <UniqueIdentifier>{93995380-89BD-4b04-88EB-625FBE52EBFB}</UniqueIdentifier>
      <Extensions>h;hh;hpp;hxx;hm;inl;inc;xsd</Extensions>
    </Filter>
    <Filter Include="Resource Files">
      <UniqueIdentifier>{67DA6AB6-F800-4c08-8B7A-83BB121AAD01}</UniqueIdentifier>
      <Extensions>rc;ico;cur;bmp;dlg;rc2;rct;bin;rgs;gif;jpg;jpeg;jpe;resx;tiff;tif;png;wav;mfcribbon-ms</Extensions>
    </Filter>
    <Filter Include="Header Files\common">
      <UniqueIdentifier>{13247e5d-6617-4a92-b827-5958bd4dd716}</UniqueIdentifier>
    </Filter>
    <Filter Include="Header Files\graphics">
      <UniqueIdentifier>{667a27af-a473-4c15-8b15-17cd7bf5a89f}</UniqueIdentifier>
    </Filter>
    <Filter Include="Header Files\graphics\rendering">
      <UniqueIdentifier>{3cf798b7-df08-41f4-acf8-efcf86bc84c9}</UniqueIdentifier>
    </Filter>
    <Filter Include="Header Files\graphics\scene">
      <UniqueIdentifier>{60a6f53f-6cf3-4380-ace4-350a812579f2}</UniqueIdentifier>
    </Filter>
    <Filter Include="Header Files\io">
      <UniqueIdentifier>{c60db3a4-085a-4285-9fce-722ec6972e2e}</UniqueIdentifier>
    </Filter>
    <Filter Include="Source Files\graphics">
      <UniqueIdentifier>{8195e196-de50-446f-bc40-212eefdb5ad8}</UniqueIdentifier>
    </Filter>
    <Filter Include="Source Files\graphics\scene">
      <UniqueIdentifier>{0cf9997b-8c52-4097-a989-c2dc5b9b4a1f}</UniqueIdentifier>
    </Filter>
    <Filter Include="Source Files\graphics\rendering">
      <UniqueIdentifier>{1cf565c2-2751-453f-9dae-d5a63098daaa}</UniqueIdentifier>
    </Filter>
    <Filter Include="Source Files\io">
      <UniqueIdentifier>{d035f9ef-481a-4a5c-8968-726726c0561b}</UniqueIdentifier>
    </Filter>
    <Filter Include="Header Files\utils">
      <UniqueIdentifier>{5f640d07-5dc1-40d3-88cf-d656b5266b35}</UniqueIdentifier>
    </Filter>
    <Filter Include="Source Files\utils">
      <UniqueIdentifier>{73e9783b-e0e8-4420-abec-a931c3450d8d}</UniqueIdentifier>
    </Filter>
    <Filter Include="external">
      <UniqueIdentifier>{85885860-8fb2-4689-bd31-1914f6681c9c}</UniqueIdentifier>
    </Filter>
  </ItemGroup>
  <ItemGroup>
    <ClCompile Include="src\graphics\scene\SceneObject.cpp">
      <Filter>Source Files\graphics\scene</Filter>
    </ClCompile>
    <ClCompile Include="src\graphics\rendering\Shader.cpp">
      <Filter>Source Files\graphics\rendering</Filter>
    </ClCompile>
    <ClCompile Include="src\io\GraphicsDisplay.cpp">
      <Filter>Source Files\io</Filter>
    </ClCompile>
    <ClCompile Include="src\utils\DebugMessage.cpp">
      <Filter>Source Files\utils</Filter>
    </ClCompile>
    <ClCompile Include="external\dxerr.cpp">
      <Filter>external</Filter>
    </ClCompile>
    <ClCompile Include="src\utils\debug\Console.cpp">
      <Filter>Source Files</Filter>
    </ClCompile>
    <ClCompile Include="src\utils\readers\TokenStream.cpp">
      <Filter>Source Files</Filter>
    </ClCompile>
  </ItemGroup>
  <ItemGroup>
    <ClInclude Include="src\common\D3DHeaders.h">
      <Filter>Header Files\common</Filter>
    </ClInclude>
    <ClInclude Include="src\common\NumericalTypes.hpp">
      <Filter>Header Files\common</Filter>
    </ClInclude>
    <ClInclude Include="src\graphics\rendering\Shader.h">
      <Filter>Header Files\graphics\rendering</Filter>
    </ClInclude>
    <ClInclude Include="src\graphics\scene\SceneObject.h">
      <Filter>Header Files\graphics\scene</Filter>
    </ClInclude>
    <ClInclude Include="src\io\GraphicsDisplay.h">
      <Filter>Header Files\io</Filter>
    </ClInclude>
    <ClInclude Include="src\utils\CheckDxError.hpp">
      <Filter>Header Files\utils</Filter>
    </ClInclude>
    <ClInclude Include="src\utils\DebugMessage.hpp">
      <Filter>Header Files\utils</Filter>
    </ClInclude>
    <ClInclude Include="external\dxerr.h">
      <Filter>external</Filter>
    </ClInclude>
    <ClInclude Include="src\utils\debug\Console.h">
      <Filter>Header Files</Filter>
    </ClInclude>
    <ClInclude Include="src\utils\readers\TokenStream.h">
      <Filter>Header Files</Filter>
    </ClInclude>
    <ClInclude Include="src\math\Interpolations.h">
      <Filter>Header Files</Filter>
    </ClInclude>
  </ItemGroup>
</Project>